version = 1
revision = 3
requires-python = ">=3.11"

[[package]]
name = "colorama"
version = "0.4.6"
source = { registry = "https://pypi.org/simple" }
sdist = { url = "https://files.pythonhosted.org/packages/d8/53/6f443c9a4a8358a93a6792e2acffb9d9d5cb0a5cfd8802644b7b1c9a02e4/colorama-0.4.6.tar.gz", hash = "sha256:08695f5cb7ed6e0531a20572697297273c47b8cae5a63ffc6d6ed5c201be6e44", size = 27697, upload-time = "2022-10-25T02:36:22.414Z" }
wheels = [
    { url = "https://files.pythonhosted.org/packages/d1/d6/3965ed04c63042e047cb6a3e6ed1a63a35087b6a609aa3a15ed8ac56c221/colorama-0.4.6-py2.py3-none-any.whl", hash = "sha256:4f1d9991f5acc0ca119f9d443620b77f9d6b33703e51011c16baf57afb285fc6", size = 25335, upload-time = "2022-10-25T02:36:20.889Z" },
]

[[package]]
name = "filelock"
version = "3.20.1"
source = { registry = "https://pypi.org/simple" }
sdist = { url = "https://files.pythonhosted.org/packages/a7/23/ce7a1126827cedeb958fc043d61745754464eb56c5937c35bbf2b8e26f34/filelock-3.20.1.tar.gz", hash = "sha256:b8360948b351b80f420878d8516519a2204b07aefcdcfd24912a5d33127f188c", size = 19476, upload-time = "2025-12-15T23:54:28.027Z" }
wheels = [
    { url = "https://files.pythonhosted.org/packages/e3/7f/a1a97644e39e7316d850784c642093c99df1290a460df4ede27659056834/filelock-3.20.1-py3-none-any.whl", hash = "sha256:15d9e9a67306188a44baa72f569d2bfd803076269365fdea0934385da4dc361a", size = 16666, upload-time = "2025-12-15T23:54:26.874Z" },
]

[[package]]
name = "iniconfig"
version = "2.3.0"
source = { registry = "https://pypi.org/simple" }
sdist = { url = "https://files.pythonhosted.org/packages/72/34/14ca021ce8e5dfedc35312d08ba8bf51fdd999c576889fc2c24cb97f4f10/iniconfig-2.3.0.tar.gz", hash = "sha256:c76315c77db068650d49c5b56314774a7804df16fee4402c1f19d6d15d8c4730", size = 20503, upload-time = "2025-10-18T21:55:43.219Z" }
wheels = [
    { url = "https://files.pythonhosted.org/packages/cb/b1/3846dd7f199d53cb17f49cba7e651e9ce294d8497c8c150530ed11865bb8/iniconfig-2.3.0-py3-none-any.whl", hash = "sha256:f631c04d2c48c52b84d0d0549c99ff3859c98df65b3101406327ecc7d53fbf12", size = 7484, upload-time = "2025-10-18T21:55:41.639Z" },
]

[[package]]
name = "micropython-rp2-stubs"
version = "1.27.0.post1"
source = { registry = "https://pypi.org/simple" }
dependencies = [
    { name = "micropython-stdlib-stubs" },
]
sdist = { url = "https://files.pythonhosted.org/packages/38/32/c41a7cea2919776f0535f0cfb53bbcc045e3feca406e712b4821d56e8d48/micropython_rp2_stubs-1.27.0.post1.tar.gz", hash = "sha256:f65fa6f257f4043190d24e0eefbf238faf61c40e11afb018476c21488a9ea1a8", size = 72154, upload-time = "2025-12-18T15:48:56.222Z" }
wheels = [
    { url = "https://files.pythonhosted.org/packages/de/4d/466f4688860b76fd31c29d6345a7168ba7e9db026dce10192128f80cecfb/micropython_rp2_stubs-1.27.0.post1-py2.py3-none-any.whl", hash = "sha256:c7566d863f693ac3a69cf496607b5d88a57f9a162922f67f1f086c34cf5f5c2f", size = 94638, upload-time = "2025-12-18T15:48:54.466Z" },
]

[[package]]
name = "micropython-stdlib-stubs"
version = "1.27.0"
source = { registry = "https://pypi.org/simple" }
wheels = [
    { url = "https://files.pythonhosted.org/packages/9d/c9/7b2b826822db66ee35582fd219379a45c4b3aaa2ac1d3f99e2a87f146cf5/micropython_stdlib_stubs-1.27.0-py3-none-any.whl", hash = "sha256:372070e64b5aadf106d6c11d27e47e9d5d1e157914c740d0ee1d27ee2e34276a", size = 166165, upload-time = "2025-12-18T14:44:40.744Z" },
]

[[package]]
name = "micropython-typeshed"
version = "0.1.0"
source = { registry = "https://pypi.org/simple" }
sdist = { url = "https://files.pythonhosted.org/packages/db/6e/500500ea38909fed81881a6708858ed1ae0c5dadc83861ccbe10481b6053/micropython_typeshed-0.1.0.tar.gz", hash = "sha256:d91006d1150347229653e858e86e7c129f0bb0548e06dab5c9b28aaee88705cb", size = 262079, upload-time = "2025-05-23T22:37:39.099Z" }
wheels = [
    { url = "https://files.pythonhosted.org/packages/9f/9d/e61aa526d3f76b9e9ff3ca0fe33e1fd80f2382d92192a6553bb6e7dda447/micropython_typeshed-0.1.0-py3-none-any.whl", hash = "sha256:df93dd3f9ce214f339ee0a0f4515e2b097085ca8362e92873546de79179aee08", size = 323608, upload-time = "2025-05-23T22:37:36.791Z" },
]

[[package]]
name = "minny"
version = "0.0.1a2"
source = { editable = "." }
dependencies = [
    { name = "filelock" },
    { name = "mpy-cross-v6-3" },
    { name = "packaging" },
    { name = "pyserial" },
    { name = "websockets" },
]

[package.dev-dependencies]
dev = [
    { name = "pyrefly" },
    { name = "pytest" },
    { name = "ruff" },
    { name = "syrupy" },
    { name = "ty" },
]
typeshed = [
    { name = "micropython-typeshed" },
]
typings = [
    { name = "micropython-rp2-stubs" },
]

[package.metadata]
requires-dist = [
    { name = "filelock" },
    { name = "mpy-cross-v6-3" },
    { name = "packaging" },
    { name = "pyserial" },
    { name = "websockets" },
]

[package.metadata.requires-dev]
dev = [
    { name = "pyrefly", specifier = ">=0.29.0" },
    { name = "pytest", specifier = ">=8.4.1" },
    { name = "ruff", specifier = ">=0.12.9" },
    { name = "syrupy" },
    { name = "ty", specifier = ">=0.0.1a19" },
]
typeshed = [{ name = "micropython-typeshed", specifier = ">=0.1.0" }]
typings = [{ name = "micropython-rp2-stubs", specifier = ">=1.25.0.post3" }]

[[package]]
name = "mpy-cross-v6-3"
version = "1.1.1"
source = { registry = "https://pypi.org/simple" }
sdist = { url = "https://files.pythonhosted.org/packages/68/4c/53df32445c7c4d9c4a3aedb693c77b8b1c006c2dfed5b95c4beea608fe8b/mpy_cross_v6_3-1.1.1.tar.gz", hash = "sha256:55414c358f5844c784e76d3b253cbd7af5f243ddd4c0b47a26d3875d628df300", size = 668271, upload-time = "2025-08-10T21:39:07.14Z" }
wheels = [
    { url = "https://files.pythonhosted.org/packages/88/e1/5c01674640bd11b548ad1265a0ac0980c213ad9b6c5e4de7e8fe38771a68/mpy_cross_v6_3-1.1.1-py3-none-macosx_10_13_x86_64.whl", hash = "sha256:d8a3ace9d73e4e4cf173f8e3d41df12fc5fb6663d64d16365f19e1714dc9b698", size = 146302, upload-time = "2025-08-10T21:38:55.017Z" },
    { url = "https://files.pythonhosted.org/packages/14/a5/e8b079606434701c4b6e305a213af4af55b0b390b0a4f63fde661e49e740/mpy_cross_v6_3-1.1.1-py3-none-macosx_11_0_arm64.whl", hash = "sha256:0d660d6d3a0bb6e20ff8963375a710838116278acb76ea31442205f5ee4eb11e", size = 145146, upload-time = "2025-08-10T21:38:56.578Z" },
    { url = "https://files.pythonhosted.org/packages/31/8b/4fc03d7ae50501c1fd0f2faa6c1c9acbf5c25063a55ac49b57995e6aa888/mpy_cross_v6_3-1.1.1-py3-none-manylinux2014_aarch64.manylinux_2_17_aarch64.manylinux_2_28_aarch64.whl", hash = "sha256:660c1d60591303293a52ae7ebd663d9f475bdac88997637aee471e9bd7be7b92", size = 155185, upload-time = "2025-08-10T21:38:57.87Z" },
    { url = "https://files.pythonhosted.org/packages/c2/fa/48ab898e6c6a6bab401407558ff37c1f61c8ed99b70d4817bf400ff8fd2b/mpy_cross_v6_3-1.1.1-py3-none-manylinux2014_x86_64.manylinux_2_17_x86_64.manylinux_2_28_x86_64.whl", hash = "sha256:d69d51462b9f089644f98f40aa7a3755cd49da2d30c69617776b94d92758a245", size = 131366, upload-time = "2025-08-10T21:38:59.095Z" },
    { url = "https://files.pythonhosted.org/packages/57/04/a7c09d29d62ed98be0236179ac3a913fa203ae26fd3650b384d0aaf44439/mpy_cross_v6_3-1.1.1-py3-none-musllinux_1_2_aarch64.whl", hash = "sha256:0c0830dd6204227b9c49234b20f0144eba4cc4fa3c88d026b52041530d770f7c", size = 169481, upload-time = "2025-08-10T21:39:00.147Z" },
    { url = "https://files.pythonhosted.org/packages/57/1f/dd2a62a18956a40bc784b43adad70b7c317d8137dc02cc6702edf2f4afb6/mpy_cross_v6_3-1.1.1-py3-none-musllinux_1_2_x86_64.whl", hash = "sha256:202b51d1eadff18670c92a1262883a3582325e9b2ab80d8d96d68f731d58df0d", size = 146935, upload-time = "2025-08-10T21:39:01.609Z" },
    { url = "https://files.pythonhosted.org/packages/87/47/6caf2e83c6e056095112950945fa23c405031051eb8c9779ee0c9da3d311/mpy_cross_v6_3-1.1.1-py3-none-win32.whl", hash = "sha256:dae4cb74c9568ace07ab30e63e8a24c48fa6583dcc9c199bd0d6722bc4c89fef", size = 146929, upload-time = "2025-08-10T21:39:02.968Z" },
    { url = "https://files.pythonhosted.org/packages/22/6f/3ccd4f3938e92968361d75bab307b898a1f2662adb2fb645aada72b34d2d/mpy_cross_v6_3-1.1.1-py3-none-win_amd64.whl", hash = "sha256:156dd26ff819b54ca920bd36074606e489b7f8fe41fef8556659017dc6cafc30", size = 149934, upload-time = "2025-08-10T21:39:04.351Z" },
    { url = "https://files.pythonhosted.org/packages/81/5b/57ba4ca29724a37850815ad98527c7d40fa95fe8493e708b96e7f16b1271/mpy_cross_v6_3-1.1.1-py3-none-win_arm64.whl", hash = "sha256:3d62f9b33d1346028be086906be9c918be6d09684b6335f02852d513052b9c80", size = 149933, upload-time = "2025-08-10T21:39:06.099Z" },
]

[[package]]
name = "packaging"
version = "25.0"
source = { registry = "https://pypi.org/simple" }
sdist = { url = "https://files.pythonhosted.org/packages/a1/d4/1fc4078c65507b51b96ca8f8c3ba19e6a61c8253c72794544580a7b6c24d/packaging-25.0.tar.gz", hash = "sha256:d443872c98d677bf60f6a1f2f8c1cb748e8fe762d2bf9d3148b5599295b0fc4f", size = 165727, upload-time = "2025-04-19T11:48:59.673Z" }
wheels = [
    { url = "https://files.pythonhosted.org/packages/20/12/38679034af332785aac8774540895e234f4d07f7545804097de4b666afd8/packaging-25.0-py3-none-any.whl", hash = "sha256:29572ef2b1f17581046b3a2227d5c611fb25ec70ca1ba8554b24b0e69331a484", size = 66469, upload-time = "2025-04-19T11:48:57.875Z" },
]

[[package]]
name = "pluggy"
version = "1.6.0"
source = { registry = "https://pypi.org/simple" }
sdist = { url = "https://files.pythonhosted.org/packages/f9/e2/3e91f31a7d2b083fe6ef3fa267035b518369d9511ffab804f839851d2779/pluggy-1.6.0.tar.gz", hash = "sha256:7dcc130b76258d33b90f61b658791dede3486c3e6bfb003ee5c9bfb396dd22f3", size = 69412, upload-time = "2025-05-15T12:30:07.975Z" }
wheels = [
    { url = "https://files.pythonhosted.org/packages/54/20/4d324d65cc6d9205fabedc306948156824eb9f0ee1633355a8f7ec5c66bf/pluggy-1.6.0-py3-none-any.whl", hash = "sha256:e920276dd6813095e9377c0bc5566d94c932c33b27a3e3945d8389c374dd4746", size = 20538, upload-time = "2025-05-15T12:30:06.134Z" },
]

[[package]]
name = "pygments"
version = "2.19.2"
source = { registry = "https://pypi.org/simple" }
sdist = { url = "https://files.pythonhosted.org/packages/b0/77/a5b8c569bf593b0140bde72ea885a803b82086995367bf2037de0159d924/pygments-2.19.2.tar.gz", hash = "sha256:636cb2477cec7f8952536970bc533bc43743542f70392ae026374600add5b887", size = 4968631, upload-time = "2025-06-21T13:39:12.283Z" }
wheels = [
    { url = "https://files.pythonhosted.org/packages/c7/21/705964c7812476f378728bdf590ca4b771ec72385c533964653c68e86bdc/pygments-2.19.2-py3-none-any.whl", hash = "sha256:86540386c03d588bb81d44bc3928634ff26449851e99741617ecb9037ee5ec0b", size = 1225217, upload-time = "2025-06-21T13:39:07.939Z" },
]

[[package]]
name = "pyrefly"
version = "0.46.0"
source = { registry = "https://pypi.org/simple" }
sdist = { url = "https://files.pythonhosted.org/packages/41/2e/5bf8c90b553d7d058151293c97d1cde8614a0b7f8e9fbad9641600f109b2/pyrefly-0.46.0.tar.gz", hash = "sha256:4fa77309286f850bf4378b8bdfd15b812a5c2927454ab015f01cbdb7b90dc333", size = 5069085, upload-time = "2025-12-15T12:05:08.923Z" }
wheels = [
    { url = "https://files.pythonhosted.org/packages/93/06/6799fcc02ebb2424063b4ef57ce03d943cbb08a5d3585d9fba422a3309e0/pyrefly-0.46.0-py3-none-macosx_10_12_x86_64.whl", hash = "sha256:d71a303bc218ff4f803eae6e0f757bfea17c809cc145eea09f8f49b6158754ad", size = 11926321, upload-time = "2025-12-15T12:04:49.377Z" },
    { url = "https://files.pythonhosted.org/packages/d6/0a/869e16ef40f0e494ed15c5cec85b9aeac9f0e3523e27ce239b42f957f2e1/pyrefly-0.46.0-py3-none-macosx_11_0_arm64.whl", hash = "sha256:0e7f001e979df4b4e125aa8d3d462978b4ac58ffc1f5bb7cc5e3a7572827a6fd", size = 11545813, upload-time = "2025-12-15T12:04:51.763Z" },
    { url = "https://files.pythonhosted.org/packages/7e/39/7897966edead5fcc02c461b0c5d3e8a006eb84171b874b7362cb923a5cb0/pyrefly-0.46.0-py3-none-manylinux_2_17_aarch64.manylinux2014_aarch64.whl", hash = "sha256:a07fd293b2e7441db7756e6cfa004c9a73da6a0925845947ab3b8ea05e913f99", size = 31558238, upload-time = "2025-12-15T12:04:54.144Z" },
    { url = "https://files.pythonhosted.org/packages/37/bb/77f5854b681c10d33139c816a9894ed89d13c9814278be81e2d459bdd1b8/pyrefly-0.46.0-py3-none-manylinux_2_17_i686.manylinux2014_i686.whl", hash = "sha256:1a893a08feefa3543467b41724ef045e678a806586198c63ce8a670d343ff677", size = 33764532, upload-time = "2025-12-15T12:04:56.978Z" },
    { url = "https://files.pythonhosted.org/packages/70/b0/55efd3ea7a7fa04b396abb4d7f7bd93911f3b2a3f05436291ab7554ca3c8/pyrefly-0.46.0-py3-none-manylinux_2_17_x86_64.manylinux2014_x86_64.whl", hash = "sha256:4d43783984d8cb4167e3d07c96477ba1d8367ef7b6c27621d9cc1af5ccc1cf44", size = 34819583, upload-time = "2025-12-15T12:04:59.461Z" },
    { url = "https://files.pythonhosted.org/packages/e0/bb/f3fb05d6faa2d2eaa46f8efb8036b8a7f2478fca47329b64f3a24aa948a1/pyrefly-0.46.0-py3-none-win32.whl", hash = "sha256:3d8482bc9c3e1e7f881a980906264b2348abb51d61e0cf2dd5c9afcf10197201", size = 11009453, upload-time = "2025-12-15T12:05:02.103Z" },
    { url = "https://files.pythonhosted.org/packages/60/d3/01309bbfa115079cefc1d027fa13ff8803891fc044a32aadfb58d3ee47cc/pyrefly-0.46.0-py3-none-win_amd64.whl", hash = "sha256:7ad8615cfd0523a8fccedeaaa0c963a7577255095a7d945fcf1693cfdde90716", size = 11692961, upload-time = "2025-12-15T12:05:04.449Z" },
    { url = "https://files.pythonhosted.org/packages/ce/96/4369be3bc402f9c41f5b7bfef5d547b9ddf85e6bd48b8ccaa1c5f593c61b/pyrefly-0.46.0-py3-none-win_arm64.whl", hash = "sha256:9c032a30ecba3b1b0f428f1d3bb14fbd63ad0bba60d56b857888372d99ce558f", size = 11238385, upload-time = "2025-12-15T12:05:06.771Z" },
]

[[package]]
name = "pyserial"
version = "3.5"
source = { registry = "https://pypi.org/simple" }
sdist = { url = "https://files.pythonhosted.org/packages/1e/7d/ae3f0a63f41e4d2f6cb66a5b57197850f919f59e558159a4dd3a818f5082/pyserial-3.5.tar.gz", hash = "sha256:3c77e014170dfffbd816e6ffc205e9842efb10be9f58ec16d3e8675b4925cddb", size = 159125, upload-time = "2020-11-23T03:59:15.045Z" }
wheels = [
    { url = "https://files.pythonhosted.org/packages/07/bc/587a445451b253b285629263eb51c2d8e9bcea4fc97826266d186f96f558/pyserial-3.5-py2.py3-none-any.whl", hash = "sha256:c4451db6ba391ca6ca299fb3ec7bae67a5c55dde170964c7a14ceefec02f2cf0", size = 90585, upload-time = "2020-11-23T03:59:13.41Z" },
]

[[package]]
name = "pytest"
version = "9.0.2"
source = { registry = "https://pypi.org/simple" }
dependencies = [
    { name = "colorama", marker = "sys_platform == 'win32'" },
    { name = "iniconfig" },
    { name = "packaging" },
    { name = "pluggy" },
    { name = "pygments" },
]
sdist = { url = "https://files.pythonhosted.org/packages/d1/db/7ef3487e0fb0049ddb5ce41d3a49c235bf9ad299b6a25d5780a89f19230f/pytest-9.0.2.tar.gz", hash = "sha256:75186651a92bd89611d1d9fc20f0b4345fd827c41ccd5c299a868a05d70edf11", size = 1568901, upload-time = "2025-12-06T21:30:51.014Z" }
wheels = [
    { url = "https://files.pythonhosted.org/packages/3b/ab/b3226f0bd7cdcf710fbede2b3548584366da3b19b5021e74f5bde2a8fa3f/pytest-9.0.2-py3-none-any.whl", hash = "sha256:711ffd45bf766d5264d487b917733b453d917afd2b0ad65223959f59089f875b", size = 374801, upload-time = "2025-12-06T21:30:49.154Z" },
]

[[package]]
name = "ruff"
version = "0.14.10"
source = { registry = "https://pypi.org/simple" }
sdist = { url = "https://files.pythonhosted.org/packages/57/08/52232a877978dd8f9cf2aeddce3e611b40a63287dfca29b6b8da791f5e8d/ruff-0.14.10.tar.gz", hash = "sha256:9a2e830f075d1a42cd28420d7809ace390832a490ed0966fe373ba288e77aaf4", size = 5859763, upload-time = "2025-12-18T19:28:57.98Z" }
wheels = [
    { url = "https://files.pythonhosted.org/packages/60/01/933704d69f3f05ee16ef11406b78881733c186fe14b6a46b05cfcaf6d3b2/ruff-0.14.10-py3-none-linux_armv6l.whl", hash = "sha256:7a3ce585f2ade3e1f29ec1b92df13e3da262178df8c8bdf876f48fa0e8316c49", size = 13527080, upload-time = "2025-12-18T19:29:25.642Z" },
    { url = "https://files.pythonhosted.org/packages/df/58/a0349197a7dfa603ffb7f5b0470391efa79ddc327c1e29c4851e85b09cc5/ruff-0.14.10-py3-none-macosx_10_12_x86_64.whl", hash = "sha256:674f9be9372907f7257c51f1d4fc902cb7cf014b9980152b802794317941f08f", size = 13797320, upload-time = "2025-12-18T19:29:02.571Z" },
    { url = "https://files.pythonhosted.org/packages/7b/82/36be59f00a6082e38c23536df4e71cdbc6af8d7c707eade97fcad5c98235/ruff-0.14.10-py3-none-macosx_11_0_arm64.whl", hash = "sha256:d85713d522348837ef9df8efca33ccb8bd6fcfc86a2cde3ccb4bc9d28a18003d", size = 12918434, upload-time = "2025-12-18T19:28:51.202Z" },
    { url = "https://files.pythonhosted.org/packages/a6/00/45c62a7f7e34da92a25804f813ebe05c88aa9e0c25e5cb5a7d23dd7450e3/ruff-0.14.10-py3-none-manylinux_2_17_aarch64.manylinux2014_aarch64.whl", hash = "sha256:6987ebe0501ae4f4308d7d24e2d0fe3d7a98430f5adfd0f1fead050a740a3a77", size = 13371961, upload-time = "2025-12-18T19:29:04.991Z" },
    { url = "https://files.pythonhosted.org/packages/40/31/a5906d60f0405f7e57045a70f2d57084a93ca7425f22e1d66904769d1628/ruff-0.14.10-py3-none-manylinux_2_17_armv7l.manylinux2014_armv7l.whl", hash = "sha256:16a01dfb7b9e4eee556fbfd5392806b1b8550c9b4a9f6acd3dbe6812b193c70a", size = 13275629, upload-time = "2025-12-18T19:29:21.381Z" },
    { url = "https://files.pythonhosted.org/packages/3e/60/61c0087df21894cf9d928dc04bcd4fb10e8b2e8dca7b1a276ba2155b2002/ruff-0.14.10-py3-none-manylinux_2_17_i686.manylinux2014_i686.whl", hash = "sha256:7165d31a925b7a294465fa81be8c12a0e9b60fb02bf177e79067c867e71f8b1f", size = 14029234, upload-time = "2025-12-18T19:29:00.132Z" },
    { url = "https://files.pythonhosted.org/packages/44/84/77d911bee3b92348b6e5dab5a0c898d87084ea03ac5dc708f46d88407def/ruff-0.14.10-py3-none-manylinux_2_17_ppc64.manylinux2014_ppc64.whl", hash = "sha256:c561695675b972effb0c0a45db233f2c816ff3da8dcfbe7dfc7eed625f218935", size = 15449890, upload-time = "2025-12-18T19:28:53.573Z" },
    { url = "https://files.pythonhosted.org/packages/e9/36/480206eaefa24a7ec321582dda580443a8f0671fdbf6b1c80e9c3e93a16a/ruff-0.14.10-py3-none-manylinux_2_17_ppc64le.manylinux2014_ppc64le.whl", hash = "sha256:4bb98fcbbc61725968893682fd4df8966a34611239c9fd07a1f6a07e7103d08e", size = 15123172, upload-time = "2025-12-18T19:29:23.453Z" },
    { url = "https://files.pythonhosted.org/packages/5c/38/68e414156015ba80cef5473d57919d27dfb62ec804b96180bafdeaf0e090/ruff-0.14.10-py3-none-manylinux_2_17_s390x.manylinux2014_s390x.whl", hash = "sha256:f24b47993a9d8cb858429e97bdf8544c78029f09b520af615c1d261bf827001d", size = 14460260, upload-time = "2025-12-18T19:29:27.808Z" },
    { url = "https://files.pythonhosted.org/packages/b3/19/9e050c0dca8aba824d67cc0db69fb459c28d8cd3f6855b1405b3f29cc91d/ruff-0.14.10-py3-none-manylinux_2_17_x86_64.manylinux2014_x86_64.whl", hash = "sha256:59aabd2e2c4fd614d2862e7939c34a532c04f1084476d6833dddef4afab87e9f", size = 14229978, upload-time = "2025-12-18T19:29:11.32Z" },
    { url = "https://files.pythonhosted.org/packages/51/eb/e8dd1dd6e05b9e695aa9dd420f4577debdd0f87a5ff2fedda33c09e9be8c/ruff-0.14.10-py3-none-manylinux_2_31_riscv64.whl", hash = "sha256:213db2b2e44be8625002dbea33bb9c60c66ea2c07c084a00d55732689d697a7f", size = 14338036, upload-time = "2025-12-18T19:29:09.184Z" },
    { url = "https://files.pythonhosted.org/packages/6a/12/f3e3a505db7c19303b70af370d137795fcfec136d670d5de5391e295c134/ruff-0.14.10-py3-none-musllinux_1_2_aarch64.whl", hash = "sha256:b914c40ab64865a17a9a5b67911d14df72346a634527240039eb3bd650e5979d", size = 13264051, upload-time = "2025-12-18T19:29:13.431Z" },
    { url = "https://files.pythonhosted.org/packages/08/64/8c3a47eaccfef8ac20e0484e68e0772013eb85802f8a9f7603ca751eb166/ruff-0.14.10-py3-none-musllinux_1_2_armv7l.whl", hash = "sha256:1484983559f026788e3a5c07c81ef7d1e97c1c78ed03041a18f75df104c45405", size = 13283998, upload-time = "2025-12-18T19:29:06.994Z" },
    { url = "https://files.pythonhosted.org/packages/12/84/534a5506f4074e5cc0529e5cd96cfc01bb480e460c7edf5af70d2bcae55e/ruff-0.14.10-py3-none-musllinux_1_2_i686.whl", hash = "sha256:c70427132db492d25f982fffc8d6c7535cc2fd2c83fc8888f05caaa248521e60", size = 13601891, upload-time = "2025-12-18T19:28:55.811Z" },
    { url = "https://files.pythonhosted.org/packages/0d/1e/14c916087d8598917dbad9b2921d340f7884824ad6e9c55de948a93b106d/ruff-0.14.10-py3-none-musllinux_1_2_x86_64.whl", hash = "sha256:5bcf45b681e9f1ee6445d317ce1fa9d6cba9a6049542d1c3d5b5958986be8830", size = 14336660, upload-time = "2025-12-18T19:29:16.531Z" },
    { url = "https://files.pythonhosted.org/packages/f2/1c/d7b67ab43f30013b47c12b42d1acd354c195351a3f7a1d67f59e54227ede/ruff-0.14.10-py3-none-win32.whl", hash = "sha256:104c49fc7ab73f3f3a758039adea978869a918f31b73280db175b43a2d9b51d6", size = 13196187, upload-time = "2025-12-18T19:29:19.006Z" },
    { url = "https://files.pythonhosted.org/packages/fb/9c/896c862e13886fae2af961bef3e6312db9ebc6adc2b156fe95e615dee8c1/ruff-0.14.10-py3-none-win_amd64.whl", hash = "sha256:466297bd73638c6bdf06485683e812db1c00c7ac96d4ddd0294a338c62fdc154", size = 14661283, upload-time = "2025-12-18T19:29:30.16Z" },
    { url = "https://files.pythonhosted.org/packages/74/31/b0e29d572670dca3674eeee78e418f20bdf97fa8aa9ea71380885e175ca0/ruff-0.14.10-py3-none-win_arm64.whl", hash = "sha256:e51d046cf6dda98a4633b8a8a771451107413b0f07183b2bef03f075599e44e6", size = 13729839, upload-time = "2025-12-18T19:28:48.636Z" },
]

[[package]]
name = "syrupy"
version = "5.0.0"
source = { registry = "https://pypi.org/simple" }
dependencies = [
    { name = "pytest" },
]
sdist = { url = "https://files.pythonhosted.org/packages/c1/90/1a442d21527009d4b40f37fe50b606ebb68a6407142c2b5cc508c34b696b/syrupy-5.0.0.tar.gz", hash = "sha256:3282fe963fa5d4d3e47231b16d1d4d0f4523705e8199eeb99a22a1bc9f5942f2", size = 48881, upload-time = "2025-09-28T21:15:12.783Z" }
wheels = [
    { url = "https://files.pythonhosted.org/packages/9d/9a/6c68aad2ccfce6e2eeebbf5bb709d0240592eb51ff142ec4c8fbf3c2460a/syrupy-5.0.0-py3-none-any.whl", hash = "sha256:c848e1a980ca52a28715cd2d2b4d434db424699c05653bd1158fb31cf56e9546", size = 49087, upload-time = "2025-09-28T21:15:11.639Z" },
]

[[package]]
name = "ty"
version = "0.0.4"
source = { registry = "https://pypi.org/simple" }
sdist = { url = "https://files.pythonhosted.org/packages/48/d9/97d5808e851f790e58f8a54efb5c7b9f404640baf9e295f424846040b316/ty-0.0.4.tar.gz", hash = "sha256:2ea47a0089d74730658ec4e988c8ef476a1e9bd92df3e56709c4003c2895ff3b", size = 4780289, upload-time = "2025-12-19T00:13:53.12Z" }
wheels = [
    { url = "https://files.pythonhosted.org/packages/b1/94/b32a962243cc8a16e8dc74cf1fe75e8bb013d0e13e71bb540e2c86214b61/ty-0.0.4-py3-none-linux_armv6l.whl", hash = "sha256:5225da65a8d1defeb21ee9d74298b1b97c6cbab36e235a310c1430d9079e4b6a", size = 9762399, upload-time = "2025-12-19T00:14:11.261Z" },
    { url = "https://files.pythonhosted.org/packages/d1/d2/7c76e0c22ddfc2fcd4a3458a65f87ce074070eb1c68c07ee475cc2b6ea68/ty-0.0.4-py3-none-macosx_10_12_x86_64.whl", hash = "sha256:f87770d7988f470b795a2043185082fa959dbe1979a11b4bfe20f1214d37bd6e", size = 9590410, upload-time = "2025-12-19T00:13:55.759Z" },
    { url = "https://files.pythonhosted.org/packages/a5/84/de4b1fc85669faca3622071d5a3f3ec7bfb239971f368c28fae461d3398a/ty-0.0.4-py3-none-macosx_11_0_arm64.whl", hash = "sha256:ecf68b8ea48674a289d733b4786aecc259242a2d9a920b3ec8583db18c67496a", size = 9131113, upload-time = "2025-12-19T00:14:08.593Z" },
    { url = "https://files.pythonhosted.org/packages/a7/ff/b5bf385b6983be56a470856bbcbac1b7e816bcd765a7e9d39ab2399e387d/ty-0.0.4-py3-none-manylinux_2_17_aarch64.manylinux2014_aarch64.whl", hash = "sha256:efc396d76a57e527393cae4ee8faf23b93be3df9e93202f39925721a7a2bb7b8", size = 9599152, upload-time = "2025-12-19T00:13:40.484Z" },
    { url = "https://files.pythonhosted.org/packages/36/d6/9880ba106f2f20d13e6a5dca5d5ca44bfb3782936ee67ff635f89a2959c0/ty-0.0.4-py3-none-manylinux_2_17_armv7l.manylinux2014_armv7l.whl", hash = "sha256:c893b968d2f9964a4d4db9992c9ba66b01f411b1f48dffcde08622e19cd6ab97", size = 9585368, upload-time = "2025-12-19T00:14:00.994Z" },
    { url = "https://files.pythonhosted.org/packages/3f/53/503cfc18bc4c7c4e02f89dd43debc41a6e343b41eb43df658dfb493a386d/ty-0.0.4-py3-none-manylinux_2_17_i686.manylinux2014_i686.whl", hash = "sha256:526c925b80d68a53c165044d2370fcfc0def1f119f7b7e483ee61d24da6fb891", size = 9998412, upload-time = "2025-12-19T00:14:18.653Z" },
    { url = "https://files.pythonhosted.org/packages/1d/bd/dd2d3e29834da5add2eda0ab5b433171ce9ce9a248c364d2e237f82073d7/ty-0.0.4-py3-none-manylinux_2_17_ppc64.manylinux2014_ppc64.whl", hash = "sha256:857f605a7fa366b6c6e6f38abc311d0606be513c2bee8977b5c8fd4bde1a82d5", size = 10853890, upload-time = "2025-12-19T00:13:50.891Z" },
    { url = "https://files.pythonhosted.org/packages/07/fe/28ba3be1672e6b8df46e43de66a02dc076ffba7853d391a5466421886225/ty-0.0.4-py3-none-manylinux_2_17_ppc64le.manylinux2014_ppc64le.whl", hash = "sha256:b4cc981aa3ebdac2c233421b1e58c80b0df6a8e6e6fa8b9e69fbdfd2f82768af", size = 10587263, upload-time = "2025-12-19T00:14:21.577Z" },
    { url = "https://files.pythonhosted.org/packages/26/9c/bb598772043f686afe5bc26cb386020709c1a0bcc164bc22ad9da2b4f55d/ty-0.0.4-py3-none-manylinux_2_17_s390x.manylinux2014_s390x.whl", hash = "sha256:b03b2708b0bf67c76424a860f848aebaa4772c05529170c3761bfcaea93ec199", size = 10401204, upload-time = "2025-12-19T00:13:43.453Z" },
    { url = "https://files.pythonhosted.org/packages/ac/18/71765e9d63669bf09461c3fea84a7a63232ccb0e83b84676f07b987fc217/ty-0.0.4-py3-none-manylinux_2_17_x86_64.manylinux2014_x86_64.whl", hash = "sha256:469890e885544beb129c21e2f8f15321f0573d094aec13da68593c5f86389ff9", size = 10129713, upload-time = "2025-12-19T00:14:13.725Z" },
    { url = "https://files.pythonhosted.org/packages/c3/2d/c03eba570aa85e9c361de5ed36d60b9ab139e93ee91057f455ab4af48e54/ty-0.0.4-py3-none-musllinux_1_2_aarch64.whl", hash = "sha256:abfd928d09567e12068aeca875e920def3badf1978896f474aa4b85b552703c4", size = 9586203, upload-time = "2025-12-19T00:14:03.423Z" },
    { url = "https://files.pythonhosted.org/packages/61/f1/8c3c82a8df69bd4417c77be4f895d043db26dd47bfcc90b33dc109cd0096/ty-0.0.4-py3-none-musllinux_1_2_armv7l.whl", hash = "sha256:44b8e94f9d64df12eae4cf8031c5ca9a4c610b57092b26ad3d68d91bcc7af122", size = 9608230, upload-time = "2025-12-19T00:13:58.252Z" },
    { url = "https://files.pythonhosted.org/packages/51/0c/d8ba3a85c089c246ef6bd49d0f0b40bc0f9209bb819e8c02ccbea5cb4d57/ty-0.0.4-py3-none-musllinux_1_2_i686.whl", hash = "sha256:9d6a439813e21a06769daf858105818c385d88018929d4a56970d4ddd5cd3df2", size = 9725125, upload-time = "2025-12-19T00:14:05.996Z" },
    { url = "https://files.pythonhosted.org/packages/4d/38/e30f64ad1e40905c766576ec70cffc69163591a5842ce14652672f6ab394/ty-0.0.4-py3-none-musllinux_1_2_x86_64.whl", hash = "sha256:c3cfcf26cfe6c828e91d7a529cc2dda37bc3b51ba06909c9be07002a6584af52", size = 10237174, upload-time = "2025-12-19T00:14:23.858Z" },
    { url = "https://files.pythonhosted.org/packages/cb/d7/8d650aa0be8936dd3ed74e2b0655230e2904caa6077c30c16a089b523cff/ty-0.0.4-py3-none-win32.whl", hash = "sha256:58bbf70dd27af6b00dedbdebeec92d5993aa238664f96fa5c0064930f7a0d30b", size = 9188434, upload-time = "2025-12-19T00:13:45.875Z" },
    { url = "https://files.pythonhosted.org/packages/82/d7/9fc0c81cf0b0d281ac9c18bfbdb4d6bae2173503ba79e40b210ab41c2c8b/ty-0.0.4-py3-none-win_amd64.whl", hash = "sha256:7c2db0f96218f08c140bd9d3fcbb1b3c8c5c4f0c9b0a5624487f0a2bf4b76163", size = 10019313, upload-time = "2025-12-19T00:14:15.968Z" },
    { url = "https://files.pythonhosted.org/packages/5f/b8/3e3246738eed1cd695c5964a401f3b9c757d20ac21fdae06281af9f40ef6/ty-0.0.4-py3-none-win_arm64.whl", hash = "sha256:69f14fc98e4a847afa9f8c5d5234d008820dbc09c7dcdb3ac1ba16628f5132df", size = 9561857, upload-time = "2025-12-19T00:13:48.382Z" },
]

[[package]]
name = "websockets"
version = "15.0.1"
source = { registry = "https://pypi.org/simple" }
sdist = { url = "https://files.pythonhosted.org/packages/21/e6/26d09fab466b7ca9c7737474c52be4f76a40301b08362eb2dbc19dcc16c1/websockets-15.0.1.tar.gz", hash = "sha256:82544de02076bafba038ce055ee6412d68da13ab47f0c60cab827346de828dee", size = 177016, upload-time = "2025-03-05T20:03:41.606Z" }
wheels = [
    { url = "https://files.pythonhosted.org/packages/9f/32/18fcd5919c293a398db67443acd33fde142f283853076049824fc58e6f75/websockets-15.0.1-cp311-cp311-macosx_10_9_universal2.whl", hash = "sha256:823c248b690b2fd9303ba00c4f66cd5e2d8c3ba4aa968b2779be9532a4dad431", size = 175423, upload-time = "2025-03-05T20:01:56.276Z" },
    { url = "https://files.pythonhosted.org/packages/76/70/ba1ad96b07869275ef42e2ce21f07a5b0148936688c2baf7e4a1f60d5058/websockets-15.0.1-cp311-cp311-macosx_10_9_x86_64.whl", hash = "sha256:678999709e68425ae2593acf2e3ebcbcf2e69885a5ee78f9eb80e6e371f1bf57", size = 173082, upload-time = "2025-03-05T20:01:57.563Z" },
    { url = "https://files.pythonhosted.org/packages/86/f2/10b55821dd40eb696ce4704a87d57774696f9451108cff0d2824c97e0f97/websockets-15.0.1-cp311-cp311-macosx_11_0_arm64.whl", hash = "sha256:d50fd1ee42388dcfb2b3676132c78116490976f1300da28eb629272d5d93e905", size = 173330, upload-time = "2025-03-05T20:01:59.063Z" },
    { url = "https://files.pythonhosted.org/packages/a5/90/1c37ae8b8a113d3daf1065222b6af61cc44102da95388ac0018fcb7d93d9/websockets-15.0.1-cp311-cp311-manylinux_2_17_aarch64.manylinux2014_aarch64.whl", hash = "sha256:d99e5546bf73dbad5bf3547174cd6cb8ba7273062a23808ffea025ecb1cf8562", size = 182878, upload-time = "2025-03-05T20:02:00.305Z" },
    { url = "https://files.pythonhosted.org/packages/8e/8d/96e8e288b2a41dffafb78e8904ea7367ee4f891dafc2ab8d87e2124cb3d3/websockets-15.0.1-cp311-cp311-manylinux_2_5_i686.manylinux1_i686.manylinux_2_17_i686.manylinux2014_i686.whl", hash = "sha256:66dd88c918e3287efc22409d426c8f729688d89a0c587c88971a0faa2c2f3792", size = 181883, upload-time = "2025-03-05T20:02:03.148Z" },
    { url = "https://files.pythonhosted.org/packages/93/1f/5d6dbf551766308f6f50f8baf8e9860be6182911e8106da7a7f73785f4c4/websockets-15.0.1-cp311-cp311-manylinux_2_5_x86_64.manylinux1_x86_64.manylinux_2_17_x86_64.manylinux2014_x86_64.whl", hash = "sha256:8dd8327c795b3e3f219760fa603dcae1dcc148172290a8ab15158cf85a953413", size = 182252, upload-time = "2025-03-05T20:02:05.29Z" },
    { url = "https://files.pythonhosted.org/packages/d4/78/2d4fed9123e6620cbf1706c0de8a1632e1a28e7774d94346d7de1bba2ca3/websockets-15.0.1-cp311-cp311-musllinux_1_2_aarch64.whl", hash = "sha256:8fdc51055e6ff4adeb88d58a11042ec9a5eae317a0a53d12c062c8a8865909e8", size = 182521, upload-time = "2025-03-05T20:02:07.458Z" },
    { url = "https://files.pythonhosted.org/packages/e7/3b/66d4c1b444dd1a9823c4a81f50231b921bab54eee2f69e70319b4e21f1ca/websockets-15.0.1-cp311-cp311-musllinux_1_2_i686.whl", hash = "sha256:693f0192126df6c2327cce3baa7c06f2a117575e32ab2308f7f8216c29d9e2e3", size = 181958, upload-time = "2025-03-05T20:02:09.842Z" },
    { url = "https://files.pythonhosted.org/packages/08/ff/e9eed2ee5fed6f76fdd6032ca5cd38c57ca9661430bb3d5fb2872dc8703c/websockets-15.0.1-cp311-cp311-musllinux_1_2_x86_64.whl", hash = "sha256:54479983bd5fb469c38f2f5c7e3a24f9a4e70594cd68cd1fa6b9340dadaff7cf", size = 181918, upload-time = "2025-03-05T20:02:11.968Z" },
    { url = "https://files.pythonhosted.org/packages/d8/75/994634a49b7e12532be6a42103597b71098fd25900f7437d6055ed39930a/websockets-15.0.1-cp311-cp311-win32.whl", hash = "sha256:16b6c1b3e57799b9d38427dda63edcbe4926352c47cf88588c0be4ace18dac85", size = 176388, upload-time = "2025-03-05T20:02:13.32Z" },
    { url = "https://files.pythonhosted.org/packages/98/93/e36c73f78400a65f5e236cd376713c34182e6663f6889cd45a4a04d8f203/websockets-15.0.1-cp311-cp311-win_amd64.whl", hash = "sha256:27ccee0071a0e75d22cb35849b1db43f2ecd3e161041ac1ee9d2352ddf72f065", size = 176828, upload-time = "2025-03-05T20:02:14.585Z" },
    { url = "https://files.pythonhosted.org/packages/51/6b/4545a0d843594f5d0771e86463606a3988b5a09ca5123136f8a76580dd63/websockets-15.0.1-cp312-cp312-macosx_10_13_universal2.whl", hash = "sha256:3e90baa811a5d73f3ca0bcbf32064d663ed81318ab225ee4f427ad4e26e5aff3", size = 175437, upload-time = "2025-03-05T20:02:16.706Z" },
    { url = "https://files.pythonhosted.org/packages/f4/71/809a0f5f6a06522af902e0f2ea2757f71ead94610010cf570ab5c98e99ed/websockets-15.0.1-cp312-cp312-macosx_10_13_x86_64.whl", hash = "sha256:592f1a9fe869c778694f0aa806ba0374e97648ab57936f092fd9d87f8bc03665", size = 173096, upload-time = "2025-03-05T20:02:18.832Z" },
    { url = "https://files.pythonhosted.org/packages/3d/69/1a681dd6f02180916f116894181eab8b2e25b31e484c5d0eae637ec01f7c/websockets-15.0.1-cp312-cp312-macosx_11_0_arm64.whl", hash = "sha256:0701bc3cfcb9164d04a14b149fd74be7347a530ad3bbf15ab2c678a2cd3dd9a2", size = 173332, upload-time = "2025-03-05T20:02:20.187Z" },
    { url = "https://files.pythonhosted.org/packages/a6/02/0073b3952f5bce97eafbb35757f8d0d54812b6174ed8dd952aa08429bcc3/websockets-15.0.1-cp312-cp312-manylinux_2_17_aarch64.manylinux2014_aarch64.whl", hash = "sha256:e8b56bdcdb4505c8078cb6c7157d9811a85790f2f2b3632c7d1462ab5783d215", size = 183152, upload-time = "2025-03-05T20:02:22.286Z" },
    { url = "https://files.pythonhosted.org/packages/74/45/c205c8480eafd114b428284840da0b1be9ffd0e4f87338dc95dc6ff961a1/websockets-15.0.1-cp312-cp312-manylinux_2_5_i686.manylinux1_i686.manylinux_2_17_i686.manylinux2014_i686.whl", hash = "sha256:0af68c55afbd5f07986df82831c7bff04846928ea8d1fd7f30052638788bc9b5", size = 182096, upload-time = "2025-03-05T20:02:24.368Z" },
    { url = "https://files.pythonhosted.org/packages/14/8f/aa61f528fba38578ec553c145857a181384c72b98156f858ca5c8e82d9d3/websockets-15.0.1-cp312-cp312-manylinux_2_5_x86_64.manylinux1_x86_64.manylinux_2_17_x86_64.manylinux2014_x86_64.whl", hash = "sha256:64dee438fed052b52e4f98f76c5790513235efaa1ef7f3f2192c392cd7c91b65", size = 182523, upload-time = "2025-03-05T20:02:25.669Z" },
    { url = "https://files.pythonhosted.org/packages/ec/6d/0267396610add5bc0d0d3e77f546d4cd287200804fe02323797de77dbce9/websockets-15.0.1-cp312-cp312-musllinux_1_2_aarch64.whl", hash = "sha256:d5f6b181bb38171a8ad1d6aa58a67a6aa9d4b38d0f8c5f496b9e42561dfc62fe", size = 182790, upload-time = "2025-03-05T20:02:26.99Z" },
    { url = "https://files.pythonhosted.org/packages/02/05/c68c5adbf679cf610ae2f74a9b871ae84564462955d991178f95a1ddb7dd/websockets-15.0.1-cp312-cp312-musllinux_1_2_i686.whl", hash = "sha256:5d54b09eba2bada6011aea5375542a157637b91029687eb4fdb2dab11059c1b4", size = 182165, upload-time = "2025-03-05T20:02:30.291Z" },
    { url = "https://files.pythonhosted.org/packages/29/93/bb672df7b2f5faac89761cb5fa34f5cec45a4026c383a4b5761c6cea5c16/websockets-15.0.1-cp312-cp312-musllinux_1_2_x86_64.whl", hash = "sha256:3be571a8b5afed347da347bfcf27ba12b069d9d7f42cb8c7028b5e98bbb12597", size = 182160, upload-time = "2025-03-05T20:02:31.634Z" },
    { url = "https://files.pythonhosted.org/packages/ff/83/de1f7709376dc3ca9b7eeb4b9a07b4526b14876b6d372a4dc62312bebee0/websockets-15.0.1-cp312-cp312-win32.whl", hash = "sha256:c338ffa0520bdb12fbc527265235639fb76e7bc7faafbb93f6ba80d9c06578a9", size = 176395, upload-time = "2025-03-05T20:02:33.017Z" },
    { url = "https://files.pythonhosted.org/packages/7d/71/abf2ebc3bbfa40f391ce1428c7168fb20582d0ff57019b69ea20fa698043/websockets-15.0.1-cp312-cp312-win_amd64.whl", hash = "sha256:fcd5cf9e305d7b8338754470cf69cf81f420459dbae8a3b40cee57417f4614a7", size = 176841, upload-time = "2025-03-05T20:02:34.498Z" },
    { url = "https://files.pythonhosted.org/packages/cb/9f/51f0cf64471a9d2b4d0fc6c534f323b664e7095640c34562f5182e5a7195/websockets-15.0.1-cp313-cp313-macosx_10_13_universal2.whl", hash = "sha256:ee443ef070bb3b6ed74514f5efaa37a252af57c90eb33b956d35c8e9c10a1931", size = 175440, upload-time = "2025-03-05T20:02:36.695Z" },
    { url = "https://files.pythonhosted.org/packages/8a/05/aa116ec9943c718905997412c5989f7ed671bc0188ee2ba89520e8765d7b/websockets-15.0.1-cp313-cp313-macosx_10_13_x86_64.whl", hash = "sha256:5a939de6b7b4e18ca683218320fc67ea886038265fd1ed30173f5ce3f8e85675", size = 173098, upload-time = "2025-03-05T20:02:37.985Z" },
    { url = "https://files.pythonhosted.org/packages/ff/0b/33cef55ff24f2d92924923c99926dcce78e7bd922d649467f0eda8368923/websockets-15.0.1-cp313-cp313-macosx_11_0_arm64.whl", hash = "sha256:746ee8dba912cd6fc889a8147168991d50ed70447bf18bcda7039f7d2e3d9151", size = 173329, upload-time = "2025-03-05T20:02:39.298Z" },
    { url = "https://files.pythonhosted.org/packages/31/1d/063b25dcc01faa8fada1469bdf769de3768b7044eac9d41f734fd7b6ad6d/websockets-15.0.1-cp313-cp313-manylinux_2_17_aarch64.manylinux2014_aarch64.whl", hash = "sha256:595b6c3969023ecf9041b2936ac3827e4623bfa3ccf007575f04c5a6aa318c22", size = 183111, upload-time = "2025-03-05T20:02:40.595Z" },
    { url = "https://files.pythonhosted.org/packages/93/53/9a87ee494a51bf63e4ec9241c1ccc4f7c2f45fff85d5bde2ff74fcb68b9e/websockets-15.0.1-cp313-cp313-manylinux_2_5_i686.manylinux1_i686.manylinux_2_17_i686.manylinux2014_i686.whl", hash = "sha256:3c714d2fc58b5ca3e285461a4cc0c9a66bd0e24c5da9911e30158286c9b5be7f", size = 182054, upload-time = "2025-03-05T20:02:41.926Z" },
    { url = "https://files.pythonhosted.org/packages/ff/b2/83a6ddf56cdcbad4e3d841fcc55d6ba7d19aeb89c50f24dd7e859ec0805f/websockets-15.0.1-cp313-cp313-manylinux_2_5_x86_64.manylinux1_x86_64.manylinux_2_17_x86_64.manylinux2014_x86_64.whl", hash = "sha256:0f3c1e2ab208db911594ae5b4f79addeb3501604a165019dd221c0bdcabe4db8", size = 182496, upload-time = "2025-03-05T20:02:43.304Z" },
    { url = "https://files.pythonhosted.org/packages/98/41/e7038944ed0abf34c45aa4635ba28136f06052e08fc2168520bb8b25149f/websockets-15.0.1-cp313-cp313-musllinux_1_2_aarch64.whl", hash = "sha256:229cf1d3ca6c1804400b0a9790dc66528e08a6a1feec0d5040e8b9eb14422375", size = 182829, upload-time = "2025-03-05T20:02:48.812Z" },
    { url = "https://files.pythonhosted.org/packages/e0/17/de15b6158680c7623c6ef0db361da965ab25d813ae54fcfeae2e5b9ef910/websockets-15.0.1-cp313-cp313-musllinux_1_2_i686.whl", hash = "sha256:756c56e867a90fb00177d530dca4b097dd753cde348448a1012ed6c5131f8b7d", size = 182217, upload-time = "2025-03-05T20:02:50.14Z" },
    { url = "https://files.pythonhosted.org/packages/33/2b/1f168cb6041853eef0362fb9554c3824367c5560cbdaad89ac40f8c2edfc/websockets-15.0.1-cp313-cp313-musllinux_1_2_x86_64.whl", hash = "sha256:558d023b3df0bffe50a04e710bc87742de35060580a293c2a984299ed83bc4e4", size = 182195, upload-time = "2025-03-05T20:02:51.561Z" },
    { url = "https://files.pythonhosted.org/packages/86/eb/20b6cdf273913d0ad05a6a14aed4b9a85591c18a987a3d47f20fa13dcc47/websockets-15.0.1-cp313-cp313-win32.whl", hash = "sha256:ba9e56e8ceeeedb2e080147ba85ffcd5cd0711b89576b83784d8605a7df455fa", size = 176393, upload-time = "2025-03-05T20:02:53.814Z" },
    { url = "https://files.pythonhosted.org/packages/1b/6c/c65773d6cab416a64d191d6ee8a8b1c68a09970ea6909d16965d26bfed1e/websockets-15.0.1-cp313-cp313-win_amd64.whl", hash = "sha256:e09473f095a819042ecb2ab9465aee615bd9c2028e4ef7d933600a8401c79561", size = 176837, upload-time = "2025-03-05T20:02:55.237Z" },
    { url = "https://files.pythonhosted.org/packages/fa/a8/5b41e0da817d64113292ab1f8247140aac61cbf6cfd085d6a0fa77f4984f/websockets-15.0.1-py3-none-any.whl", hash = "sha256:f7a866fbc1e97b5c617ee4116daaa09b722101d4a3c170c787450ba409f9736f", size = 169743, upload-time = "2025-03-05T20:03:39.41Z" },
]
